// !$*UTF8*$!
{
	archiveVersion = 1;
	classes = {
	};
	objectVersion = 50;
	objects = {

/* Begin PBXBuildFile section */
		860AD39422AE42950009E9C6 /* FavoriteDatabaseTests.swift in Sources */ = {isa = PBXBuildFile; fileRef = 860AD39322AE42950009E9C6 /* FavoriteDatabaseTests.swift */; };
		860CCD0E229BC0CA00943F17 /* PrefectureSelectViewControllerTests.swift in Sources */ = {isa = PBXBuildFile; fileRef = 860CCD0D229BC0CA00943F17 /* PrefectureSelectViewControllerTests.swift */; };
		860CCD10229E4C4700943F17 /* ImageDownloder.swift in Sources */ = {isa = PBXBuildFile; fileRef = 860CCD0F229E4C4700943F17 /* ImageDownloder.swift */; };
		860CCD1622A4BAC700943F17 /* ShopMapViewControllerTests.swift in Sources */ = {isa = PBXBuildFile; fileRef = 860CCD1522A4BAC700943F17 /* ShopMapViewControllerTests.swift */; };
		860CCD1A22A4D88700943F17 /* ShopInfoViewControllerTests.swift in Sources */ = {isa = PBXBuildFile; fileRef = 860CCD1922A4D88700943F17 /* ShopInfoViewControllerTests.swift */; };
		860CCD1C22A4E35C00943F17 /* ShopListViewControllerTests.swift in Sources */ = {isa = PBXBuildFile; fileRef = 860CCD1B22A4E35C00943F17 /* ShopListViewControllerTests.swift */; };
		860CCD2022A7611000943F17 /* FavoriteDatabase.swift in Sources */ = {isa = PBXBuildFile; fileRef = 860CCD1F22A7611000943F17 /* FavoriteDatabase.swift */; };
		8618FBB722C38B2C001E4817 /* ShopInfoViewController.swift in Sources */ = {isa = PBXBuildFile; fileRef = 8618FBB622C38B2C001E4817 /* ShopInfoViewController.swift */; };
		865693C422AA18E000B9DEBD /* ImageListCell.swift in Sources */ = {isa = PBXBuildFile; fileRef = 865693C322AA18E000B9DEBD /* ImageListCell.swift */; };
		865BBD1022CCF96C0038873D /* FavoriteListViewControllerTests.swift in Sources */ = {isa = PBXBuildFile; fileRef = 865BBD0F22CCF96C0038873D /* FavoriteListViewControllerTests.swift */; };
		866273C2224A0165007CA319 /* AreaTests.swift in Sources */ = {isa = PBXBuildFile; fileRef = 866273C1224A0165007CA319 /* AreaTests.swift */; };
		866273C4224A09A9007CA319 /* PrefectureTests.swift in Sources */ = {isa = PBXBuildFile; fileRef = 866273C3224A09A9007CA319 /* PrefectureTests.swift */; };
		866273C6224A0EFB007CA319 /* CityTests.swift in Sources */ = {isa = PBXBuildFile; fileRef = 866273C5224A0EFB007CA319 /* CityTests.swift */; };
		866273C8224C75A9007CA319 /* TownTests.swift in Sources */ = {isa = PBXBuildFile; fileRef = 866273C7224C75A9007CA319 /* TownTests.swift */; };
		8699813B22C0A5AC009A6C05 /* SearchTopViewController.swift in Sources */ = {isa = PBXBuildFile; fileRef = 8699813A22C0A5AC009A6C05 /* SearchTopViewController.swift */; };
		86BCA2AC228D1D6D0063E5F6 /* ShopTests.swift in Sources */ = {isa = PBXBuildFile; fileRef = 86BCA2AB228D1D6D0063E5F6 /* ShopTests.swift */; };
		86DE32EE22CB2B9800B7627B /* SearchTopDetailViewController.swift in Sources */ = {isa = PBXBuildFile; fileRef = 86DE32ED22CB2B9800B7627B /* SearchTopDetailViewController.swift */; };
		86E8FE0E225DD03D00DCAD11 /* FavoriteList.storyboard in Resources */ = {isa = PBXBuildFile; fileRef = 86E8FE0D225DD03D00DCAD11 /* FavoriteList.storyboard */; };
		86E8FE10225DD05800DCAD11 /* FavoriteListViewController.swift in Sources */ = {isa = PBXBuildFile; fileRef = 86E8FE0F225DD05800DCAD11 /* FavoriteListViewController.swift */; };
		86E8FE12225DD09D00DCAD11 /* ShopMap.storyboard in Resources */ = {isa = PBXBuildFile; fileRef = 86E8FE11225DD09D00DCAD11 /* ShopMap.storyboard */; };
		86E8FE14225DD0C800DCAD11 /* ShopMapViewController.swift in Sources */ = {isa = PBXBuildFile; fileRef = 86E8FE13225DD0C800DCAD11 /* ShopMapViewController.swift */; };
		86E8FE18225DD21500DCAD11 /* ShopInfo.storyboard in Resources */ = {isa = PBXBuildFile; fileRef = 86E8FE17225DD21500DCAD11 /* ShopInfo.storyboard */; };
		86E8FE1A225DD22400DCAD11 /* ShopList.storyboard in Resources */ = {isa = PBXBuildFile; fileRef = 86E8FE19225DD22400DCAD11 /* ShopList.storyboard */; };
		86E8FE1C225DD23200DCAD11 /* ShopListViewController.swift in Sources */ = {isa = PBXBuildFile; fileRef = 86E8FE1B225DD23200DCAD11 /* ShopListViewController.swift */; };
		86E8FE27225DD37C00DCAD11 /* TownSelectViewController.swift in Sources */ = {isa = PBXBuildFile; fileRef = 86E8FE26225DD37C00DCAD11 /* TownSelectViewController.swift */; };
		86E8FE29225DD38500DCAD11 /* TownSelect.storyboard in Resources */ = {isa = PBXBuildFile; fileRef = 86E8FE28225DD38500DCAD11 /* TownSelect.storyboard */; };
		86E8FE2B225DD39700DCAD11 /* CitySelect.storyboard in Resources */ = {isa = PBXBuildFile; fileRef = 86E8FE2A225DD39700DCAD11 /* CitySelect.storyboard */; };
		86E8FE2D225DD3A700DCAD11 /* CitySelectViewController.swift in Sources */ = {isa = PBXBuildFile; fileRef = 86E8FE2C225DD3A700DCAD11 /* CitySelectViewController.swift */; };
		86E8FE2F225DD3BF00DCAD11 /* PrefectureSelectViewController.swift in Sources */ = {isa = PBXBuildFile; fileRef = 86E8FE2E225DD3BF00DCAD11 /* PrefectureSelectViewController.swift */; };
		86E8FE31225DD3C900DCAD11 /* PrefectureSelect.storyboard in Resources */ = {isa = PBXBuildFile; fileRef = 86E8FE30225DD3C900DCAD11 /* PrefectureSelect.storyboard */; };
		86E8FE33225DD3DB00DCAD11 /* AreaSelect.storyboard in Resources */ = {isa = PBXBuildFile; fileRef = 86E8FE32225DD3DB00DCAD11 /* AreaSelect.storyboard */; };
		86E8FE39225DD3FF00DCAD11 /* SearchTop.storyboard in Resources */ = {isa = PBXBuildFile; fileRef = 86E8FE38225DD3FF00DCAD11 /* SearchTop.storyboard */; };
		9E01B705585537534CC2A259 /* Pods_RestaurantSearch.framework in Frameworks */ = {isa = PBXBuildFile; fileRef = FB08ACD26BEF5D8BC6EB509F /* Pods_RestaurantSearch.framework */; };
		EA18539422C4ED8300C4CA13 /* APIError.swift in Sources */ = {isa = PBXBuildFile; fileRef = EA18539322C4ED8300C4CA13 /* APIError.swift */; };
		EA18539622C4EF6F00C4CA13 /* APIErrorTests.swift in Sources */ = {isa = PBXBuildFile; fileRef = EA18539522C4EF6F00C4CA13 /* APIErrorTests.swift */; };
		EA1A08122271A65A00550B4F /* AreaSelectViewController.swift in Sources */ = {isa = PBXBuildFile; fileRef = EA1A08112271A65A00550B4F /* AreaSelectViewController.swift */; };
		EA1D8CA2228C0C2300B6065E /* Shop.swift in Sources */ = {isa = PBXBuildFile; fileRef = EA1D8CA1228C0C2300B6065E /* Shop.swift */; };
		EA2679E62248CCBF00F3091C /* AppDelegate.swift in Sources */ = {isa = PBXBuildFile; fileRef = EA2679E52248CCBF00F3091C /* AppDelegate.swift */; };
		EA2679EB2248CCBF00F3091C /* Main.storyboard in Resources */ = {isa = PBXBuildFile; fileRef = EA2679E92248CCBF00F3091C /* Main.storyboard */; };
		EA2679ED2248CCC100F3091C /* Assets.xcassets in Resources */ = {isa = PBXBuildFile; fileRef = EA2679EC2248CCC100F3091C /* Assets.xcassets */; };
		EA2679F02248CCC100F3091C /* LaunchScreen.storyboard in Resources */ = {isa = PBXBuildFile; fileRef = EA2679EE2248CCC100F3091C /* LaunchScreen.storyboard */; };
		EA267A0A2248E2EE00F3091C /* Area.swift in Sources */ = {isa = PBXBuildFile; fileRef = EA267A092248E2EE00F3091C /* Area.swift */; };
		EA267A0C2248EC3E00F3091C /* Prefecture.swift in Sources */ = {isa = PBXBuildFile; fileRef = EA267A0B2248EC3E00F3091C /* Prefecture.swift */; };
		EA267A0E2248EFF200F3091C /* City.swift in Sources */ = {isa = PBXBuildFile; fileRef = EA267A0D2248EFF200F3091C /* City.swift */; };
		EA267A102248F49200F3091C /* Town.swift in Sources */ = {isa = PBXBuildFile; fileRef = EA267A0F2248F49200F3091C /* Town.swift */; };
		EA47FCAF22842F2E00EB5656 /* APIOperater.swift in Sources */ = {isa = PBXBuildFile; fileRef = EA47FCAE22842F2E00EB5656 /* APIOperater.swift */; };
		EA47FCB1228430D700EB5656 /* APIOperaterTests.swift in Sources */ = {isa = PBXBuildFile; fileRef = EA47FCB0228430D700EB5656 /* APIOperaterTests.swift */; };
		EA497751229BD419001BE1DB /* CitySelectViewControllerTests.swift in Sources */ = {isa = PBXBuildFile; fileRef = EA497750229BD419001BE1DB /* CitySelectViewControllerTests.swift */; };
		EA497753229BD428001BE1DB /* TownSelectViewControllerTests.swift in Sources */ = {isa = PBXBuildFile; fileRef = EA497752229BD428001BE1DB /* TownSelectViewControllerTests.swift */; };
		EA66AD7E22929F6E007355BB /* DummyAPI.swift in Sources */ = {isa = PBXBuildFile; fileRef = EA66AD7D22929F6E007355BB /* DummyAPI.swift */; };
		EAF737A822E5D641005F104A /* AreaSelectViewControllerTests.swift in Sources */ = {isa = PBXBuildFile; fileRef = EAF737A722E5D641005F104A /* AreaSelectViewControllerTests.swift */; };
		EAF737AC22E5DB36005F104A /* SearchTopDetailViewControllerTests.swift in Sources */ = {isa = PBXBuildFile; fileRef = EAF737AB22E5DB36005F104A /* SearchTopDetailViewControllerTests.swift */; };
		EAF737AE22E5DFE3005F104A /* SearchTopViewControllerTests.swift in Sources */ = {isa = PBXBuildFile; fileRef = EAF737AD22E5DFE3005F104A /* SearchTopViewControllerTests.swift */; };
		FA1FD2AA3FC5553B52E467C7 /* Pods_RestaurantSearchTests.framework in Frameworks */ = {isa = PBXBuildFile; fileRef = 220642DE50B3FAD388916D3A /* Pods_RestaurantSearchTests.framework */; };
/* End PBXBuildFile section */

/* Begin PBXContainerItemProxy section */
		EA2679F72248CCC100F3091C /* PBXContainerItemProxy */ = {
			isa = PBXContainerItemProxy;
			containerPortal = EA2679DA2248CCBF00F3091C /* Project object */;
			proxyType = 1;
			remoteGlobalIDString = EA2679E12248CCBF00F3091C;
			remoteInfo = RestaurantSearch;
		};
/* End PBXContainerItemProxy section */

/* Begin PBXFileReference section */
		0E3CF33531AAF3E5071B1D6E /* Pods-RestaurantSearchTests.debug.xcconfig */ = {isa = PBXFileReference; includeInIndex = 1; lastKnownFileType = text.xcconfig; name = "Pods-RestaurantSearchTests.debug.xcconfig"; path = "Target Support Files/Pods-RestaurantSearchTests/Pods-RestaurantSearchTests.debug.xcconfig"; sourceTree = "<group>"; };
		220642DE50B3FAD388916D3A /* Pods_RestaurantSearchTests.framework */ = {isa = PBXFileReference; explicitFileType = wrapper.framework; includeInIndex = 0; path = Pods_RestaurantSearchTests.framework; sourceTree = BUILT_PRODUCTS_DIR; };
		55DA32510038EF2A008F17D9 /* Pods-RestaurantSearch.release.xcconfig */ = {isa = PBXFileReference; includeInIndex = 1; lastKnownFileType = text.xcconfig; name = "Pods-RestaurantSearch.release.xcconfig"; path = "Target Support Files/Pods-RestaurantSearch/Pods-RestaurantSearch.release.xcconfig"; sourceTree = "<group>"; };
		6B8D096C2BEB44B89D1587B4 /* Pods-RestaurantSearch.debug.xcconfig */ = {isa = PBXFileReference; includeInIndex = 1; lastKnownFileType = text.xcconfig; name = "Pods-RestaurantSearch.debug.xcconfig"; path = "Target Support Files/Pods-RestaurantSearch/Pods-RestaurantSearch.debug.xcconfig"; sourceTree = "<group>"; };
		860AD39322AE42950009E9C6 /* FavoriteDatabaseTests.swift */ = {isa = PBXFileReference; lastKnownFileType = sourcecode.swift; path = FavoriteDatabaseTests.swift; sourceTree = "<group>"; };
		860CCD0D229BC0CA00943F17 /* PrefectureSelectViewControllerTests.swift */ = {isa = PBXFileReference; lastKnownFileType = sourcecode.swift; path = PrefectureSelectViewControllerTests.swift; sourceTree = "<group>"; };
		860CCD0F229E4C4700943F17 /* ImageDownloder.swift */ = {isa = PBXFileReference; lastKnownFileType = sourcecode.swift; path = ImageDownloder.swift; sourceTree = "<group>"; };
		860CCD1522A4BAC700943F17 /* ShopMapViewControllerTests.swift */ = {isa = PBXFileReference; lastKnownFileType = sourcecode.swift; path = ShopMapViewControllerTests.swift; sourceTree = "<group>"; };
		860CCD1922A4D88700943F17 /* ShopInfoViewControllerTests.swift */ = {isa = PBXFileReference; lastKnownFileType = sourcecode.swift; path = ShopInfoViewControllerTests.swift; sourceTree = "<group>"; };
		860CCD1B22A4E35C00943F17 /* ShopListViewControllerTests.swift */ = {isa = PBXFileReference; lastKnownFileType = sourcecode.swift; path = ShopListViewControllerTests.swift; sourceTree = "<group>"; };
		860CCD1F22A7611000943F17 /* FavoriteDatabase.swift */ = {isa = PBXFileReference; lastKnownFileType = sourcecode.swift; path = FavoriteDatabase.swift; sourceTree = "<group>"; };
		8618FBB622C38B2C001E4817 /* ShopInfoViewController.swift */ = {isa = PBXFileReference; lastKnownFileType = sourcecode.swift; path = ShopInfoViewController.swift; sourceTree = "<group>"; };
		865693C322AA18E000B9DEBD /* ImageListCell.swift */ = {isa = PBXFileReference; lastKnownFileType = sourcecode.swift; path = ImageListCell.swift; sourceTree = "<group>"; };
		865BBD0F22CCF96C0038873D /* FavoriteListViewControllerTests.swift */ = {isa = PBXFileReference; lastKnownFileType = sourcecode.swift; path = FavoriteListViewControllerTests.swift; sourceTree = "<group>"; };
		866273C1224A0165007CA319 /* AreaTests.swift */ = {isa = PBXFileReference; lastKnownFileType = sourcecode.swift; path = AreaTests.swift; sourceTree = "<group>"; };
		866273C3224A09A9007CA319 /* PrefectureTests.swift */ = {isa = PBXFileReference; lastKnownFileType = sourcecode.swift; path = PrefectureTests.swift; sourceTree = "<group>"; };
		866273C5224A0EFB007CA319 /* CityTests.swift */ = {isa = PBXFileReference; lastKnownFileType = sourcecode.swift; path = CityTests.swift; sourceTree = "<group>"; };
		866273C7224C75A9007CA319 /* TownTests.swift */ = {isa = PBXFileReference; lastKnownFileType = sourcecode.swift; path = TownTests.swift; sourceTree = "<group>"; };
		8699813A22C0A5AC009A6C05 /* SearchTopViewController.swift */ = {isa = PBXFileReference; lastKnownFileType = sourcecode.swift; path = SearchTopViewController.swift; sourceTree = "<group>"; };
		86BCA2AB228D1D6D0063E5F6 /* ShopTests.swift */ = {isa = PBXFileReference; lastKnownFileType = sourcecode.swift; path = ShopTests.swift; sourceTree = "<group>"; };
		86DE32ED22CB2B9800B7627B /* SearchTopDetailViewController.swift */ = {isa = PBXFileReference; lastKnownFileType = sourcecode.swift; path = SearchTopDetailViewController.swift; sourceTree = "<group>"; };
		86E8FE0D225DD03D00DCAD11 /* FavoriteList.storyboard */ = {isa = PBXFileReference; lastKnownFileType = file.storyboard; path = FavoriteList.storyboard; sourceTree = "<group>"; };
		86E8FE0F225DD05800DCAD11 /* FavoriteListViewController.swift */ = {isa = PBXFileReference; lastKnownFileType = sourcecode.swift; path = FavoriteListViewController.swift; sourceTree = "<group>"; };
		86E8FE11225DD09D00DCAD11 /* ShopMap.storyboard */ = {isa = PBXFileReference; lastKnownFileType = file.storyboard; path = ShopMap.storyboard; sourceTree = "<group>"; };
		86E8FE13225DD0C800DCAD11 /* ShopMapViewController.swift */ = {isa = PBXFileReference; lastKnownFileType = sourcecode.swift; path = ShopMapViewController.swift; sourceTree = "<group>"; };
		86E8FE17225DD21500DCAD11 /* ShopInfo.storyboard */ = {isa = PBXFileReference; lastKnownFileType = file.storyboard; path = ShopInfo.storyboard; sourceTree = "<group>"; };
		86E8FE19225DD22400DCAD11 /* ShopList.storyboard */ = {isa = PBXFileReference; lastKnownFileType = file.storyboard; path = ShopList.storyboard; sourceTree = "<group>"; };
		86E8FE1B225DD23200DCAD11 /* ShopListViewController.swift */ = {isa = PBXFileReference; lastKnownFileType = sourcecode.swift; path = ShopListViewController.swift; sourceTree = "<group>"; };
		86E8FE26225DD37C00DCAD11 /* TownSelectViewController.swift */ = {isa = PBXFileReference; lastKnownFileType = sourcecode.swift; path = TownSelectViewController.swift; sourceTree = "<group>"; };
		86E8FE28225DD38500DCAD11 /* TownSelect.storyboard */ = {isa = PBXFileReference; lastKnownFileType = file.storyboard; path = TownSelect.storyboard; sourceTree = "<group>"; };
		86E8FE2A225DD39700DCAD11 /* CitySelect.storyboard */ = {isa = PBXFileReference; lastKnownFileType = file.storyboard; path = CitySelect.storyboard; sourceTree = "<group>"; };
		86E8FE2C225DD3A700DCAD11 /* CitySelectViewController.swift */ = {isa = PBXFileReference; lastKnownFileType = sourcecode.swift; path = CitySelectViewController.swift; sourceTree = "<group>"; };
		86E8FE2E225DD3BF00DCAD11 /* PrefectureSelectViewController.swift */ = {isa = PBXFileReference; lastKnownFileType = sourcecode.swift; path = PrefectureSelectViewController.swift; sourceTree = "<group>"; };
		86E8FE30225DD3C900DCAD11 /* PrefectureSelect.storyboard */ = {isa = PBXFileReference; lastKnownFileType = file.storyboard; path = PrefectureSelect.storyboard; sourceTree = "<group>"; };
		86E8FE32225DD3DB00DCAD11 /* AreaSelect.storyboard */ = {isa = PBXFileReference; lastKnownFileType = file.storyboard; path = AreaSelect.storyboard; sourceTree = "<group>"; };
		86E8FE38225DD3FF00DCAD11 /* SearchTop.storyboard */ = {isa = PBXFileReference; lastKnownFileType = file.storyboard; path = SearchTop.storyboard; sourceTree = "<group>"; };
		C3175C9061D2C575AFE6005F /* Pods-RestaurantSearchTests.release.xcconfig */ = {isa = PBXFileReference; includeInIndex = 1; lastKnownFileType = text.xcconfig; name = "Pods-RestaurantSearchTests.release.xcconfig"; path = "Target Support Files/Pods-RestaurantSearchTests/Pods-RestaurantSearchTests.release.xcconfig"; sourceTree = "<group>"; };
		EA18539322C4ED8300C4CA13 /* APIError.swift */ = {isa = PBXFileReference; lastKnownFileType = sourcecode.swift; path = APIError.swift; sourceTree = "<group>"; };
		EA18539522C4EF6F00C4CA13 /* APIErrorTests.swift */ = {isa = PBXFileReference; lastKnownFileType = sourcecode.swift; path = APIErrorTests.swift; sourceTree = "<group>"; };
		EA1A08112271A65A00550B4F /* AreaSelectViewController.swift */ = {isa = PBXFileReference; lastKnownFileType = sourcecode.swift; path = AreaSelectViewController.swift; sourceTree = "<group>"; };
		EA1D8CA1228C0C2300B6065E /* Shop.swift */ = {isa = PBXFileReference; lastKnownFileType = sourcecode.swift; path = Shop.swift; sourceTree = "<group>"; };
		EA2679E22248CCBF00F3091C /* RestaurantSearch.app */ = {isa = PBXFileReference; explicitFileType = wrapper.application; includeInIndex = 0; path = RestaurantSearch.app; sourceTree = BUILT_PRODUCTS_DIR; };
		EA2679E52248CCBF00F3091C /* AppDelegate.swift */ = {isa = PBXFileReference; lastKnownFileType = sourcecode.swift; path = AppDelegate.swift; sourceTree = "<group>"; };
		EA2679EA2248CCBF00F3091C /* Base */ = {isa = PBXFileReference; lastKnownFileType = file.storyboard; name = Base; path = Base.lproj/Main.storyboard; sourceTree = "<group>"; };
		EA2679EC2248CCC100F3091C /* Assets.xcassets */ = {isa = PBXFileReference; lastKnownFileType = folder.assetcatalog; path = Assets.xcassets; sourceTree = "<group>"; };
		EA2679EF2248CCC100F3091C /* Base */ = {isa = PBXFileReference; lastKnownFileType = file.storyboard; name = Base; path = Base.lproj/LaunchScreen.storyboard; sourceTree = "<group>"; };
		EA2679F12248CCC100F3091C /* Info.plist */ = {isa = PBXFileReference; lastKnownFileType = text.plist.xml; path = Info.plist; sourceTree = "<group>"; };
		EA2679F62248CCC100F3091C /* RestaurantSearchTests.xctest */ = {isa = PBXFileReference; explicitFileType = wrapper.cfbundle; includeInIndex = 0; path = RestaurantSearchTests.xctest; sourceTree = BUILT_PRODUCTS_DIR; };
		EA2679FC2248CCC100F3091C /* Info.plist */ = {isa = PBXFileReference; lastKnownFileType = text.plist.xml; path = Info.plist; sourceTree = "<group>"; };
		EA267A092248E2EE00F3091C /* Area.swift */ = {isa = PBXFileReference; lastKnownFileType = sourcecode.swift; path = Area.swift; sourceTree = "<group>"; };
		EA267A0B2248EC3E00F3091C /* Prefecture.swift */ = {isa = PBXFileReference; lastKnownFileType = sourcecode.swift; path = Prefecture.swift; sourceTree = "<group>"; };
		EA267A0D2248EFF200F3091C /* City.swift */ = {isa = PBXFileReference; lastKnownFileType = sourcecode.swift; path = City.swift; sourceTree = "<group>"; };
		EA267A0F2248F49200F3091C /* Town.swift */ = {isa = PBXFileReference; lastKnownFileType = sourcecode.swift; path = Town.swift; sourceTree = "<group>"; };
		EA47FCAE22842F2E00EB5656 /* APIOperater.swift */ = {isa = PBXFileReference; lastKnownFileType = sourcecode.swift; path = APIOperater.swift; sourceTree = "<group>"; };
		EA47FCB0228430D700EB5656 /* APIOperaterTests.swift */ = {isa = PBXFileReference; lastKnownFileType = sourcecode.swift; path = APIOperaterTests.swift; sourceTree = "<group>"; };
		EA497750229BD419001BE1DB /* CitySelectViewControllerTests.swift */ = {isa = PBXFileReference; lastKnownFileType = sourcecode.swift; path = CitySelectViewControllerTests.swift; sourceTree = "<group>"; };
		EA497752229BD428001BE1DB /* TownSelectViewControllerTests.swift */ = {isa = PBXFileReference; lastKnownFileType = sourcecode.swift; path = TownSelectViewControllerTests.swift; sourceTree = "<group>"; };
		EA66AD7D22929F6E007355BB /* DummyAPI.swift */ = {isa = PBXFileReference; lastKnownFileType = sourcecode.swift; path = DummyAPI.swift; sourceTree = "<group>"; };
		EAF737A722E5D641005F104A /* AreaSelectViewControllerTests.swift */ = {isa = PBXFileReference; lastKnownFileType = sourcecode.swift; path = AreaSelectViewControllerTests.swift; sourceTree = "<group>"; };
		EAF737AB22E5DB36005F104A /* SearchTopDetailViewControllerTests.swift */ = {isa = PBXFileReference; lastKnownFileType = sourcecode.swift; path = SearchTopDetailViewControllerTests.swift; sourceTree = "<group>"; };
		EAF737AD22E5DFE3005F104A /* SearchTopViewControllerTests.swift */ = {isa = PBXFileReference; lastKnownFileType = sourcecode.swift; path = SearchTopViewControllerTests.swift; sourceTree = "<group>"; };
		FB08ACD26BEF5D8BC6EB509F /* Pods_RestaurantSearch.framework */ = {isa = PBXFileReference; explicitFileType = wrapper.framework; includeInIndex = 0; path = Pods_RestaurantSearch.framework; sourceTree = BUILT_PRODUCTS_DIR; };
/* End PBXFileReference section */

/* Begin PBXFrameworksBuildPhase section */
		EA2679DF2248CCBF00F3091C /* Frameworks */ = {
			isa = PBXFrameworksBuildPhase;
			buildActionMask = 2147483647;
			files = (
				9E01B705585537534CC2A259 /* Pods_RestaurantSearch.framework in Frameworks */,
			);
			runOnlyForDeploymentPostprocessing = 0;
		};
		EA2679F32248CCC100F3091C /* Frameworks */ = {
			isa = PBXFrameworksBuildPhase;
			buildActionMask = 2147483647;
			files = (
				FA1FD2AA3FC5553B52E467C7 /* Pods_RestaurantSearchTests.framework in Frameworks */,
			);
			runOnlyForDeploymentPostprocessing = 0;
		};
/* End PBXFrameworksBuildPhase section */

/* Begin PBXGroup section */
		7CA7AEEA624F7304F1F14B50 /* Frameworks */ = {
			isa = PBXGroup;
			children = (
				FB08ACD26BEF5D8BC6EB509F /* Pods_RestaurantSearch.framework */,
				220642DE50B3FAD388916D3A /* Pods_RestaurantSearchTests.framework */,
			);
			name = Frameworks;
			sourceTree = "<group>";
		};
		86AE04A222BA8C2B00F9DC94 /* UITests */ = {
			isa = PBXGroup;
			children = (
				86AE04A422BA8CFA00F9DC94 /* ShopTests */,
				86AE04A522BA8D0400F9DC94 /* SearchTests */,
			);
			path = UITests;
			sourceTree = "<group>";
		};
		86AE04A322BA8CE400F9DC94 /* APITests */ = {
			isa = PBXGroup;
			children = (
				86AE04A622BA8D1800F9DC94 /* ModelTests */,
				EA47FCB0228430D700EB5656 /* APIOperaterTests.swift */,
			);
			path = APITests;
			sourceTree = "<group>";
		};
		86AE04A422BA8CFA00F9DC94 /* ShopTests */ = {
			isa = PBXGroup;
			children = (
				86AE04A722BA8D6200F9DC94 /* FavoriteListTests */,
				86AE04A822BA8D7200F9DC94 /* ShopMapTests */,
				86AE04A922BA8D7B00F9DC94 /* ShopInfoTests */,
				86AE04AA22BA8D8500F9DC94 /* ShopListTests */,
			);
			path = ShopTests;
			sourceTree = "<group>";
		};
		86AE04A522BA8D0400F9DC94 /* SearchTests */ = {
			isa = PBXGroup;
			children = (
				86AE04AB22BA8E0400F9DC94 /* TownSelectTests */,
				86AE04AC22BA8E0D00F9DC94 /* CitySelectTests */,
				86AE04AD22BA8E2300F9DC94 /* PrefectureSelectTests */,
				EAF737A622E5D610005F104A /* AreaSelectTests */,
				EAF737AA22E5DA08005F104A /* SearchTopTests */,
			);
			path = SearchTests;
			sourceTree = "<group>";
		};
		86AE04A622BA8D1800F9DC94 /* ModelTests */ = {
			isa = PBXGroup;
			children = (
				866273C1224A0165007CA319 /* AreaTests.swift */,
				866273C3224A09A9007CA319 /* PrefectureTests.swift */,
				866273C5224A0EFB007CA319 /* CityTests.swift */,
				866273C7224C75A9007CA319 /* TownTests.swift */,
				86BCA2AB228D1D6D0063E5F6 /* ShopTests.swift */,
				EA18539522C4EF6F00C4CA13 /* APIErrorTests.swift */,
			);
			path = ModelTests;
			sourceTree = "<group>";
		};
		86AE04A722BA8D6200F9DC94 /* FavoriteListTests */ = {
			isa = PBXGroup;
			children = (
				865BBD0F22CCF96C0038873D /* FavoriteListViewControllerTests.swift */,
				860AD39322AE42950009E9C6 /* FavoriteDatabaseTests.swift */,
			);
			path = FavoriteListTests;
			sourceTree = "<group>";
		};
		86AE04A822BA8D7200F9DC94 /* ShopMapTests */ = {
			isa = PBXGroup;
			children = (
				860CCD1522A4BAC700943F17 /* ShopMapViewControllerTests.swift */,
			);
			path = ShopMapTests;
			sourceTree = "<group>";
		};
		86AE04A922BA8D7B00F9DC94 /* ShopInfoTests */ = {
			isa = PBXGroup;
			children = (
				860CCD1922A4D88700943F17 /* ShopInfoViewControllerTests.swift */,
			);
			path = ShopInfoTests;
			sourceTree = "<group>";
		};
		86AE04AA22BA8D8500F9DC94 /* ShopListTests */ = {
			isa = PBXGroup;
			children = (
				860CCD1B22A4E35C00943F17 /* ShopListViewControllerTests.swift */,
			);
			path = ShopListTests;
			sourceTree = "<group>";
		};
		86AE04AB22BA8E0400F9DC94 /* TownSelectTests */ = {
			isa = PBXGroup;
			children = (
				EA497752229BD428001BE1DB /* TownSelectViewControllerTests.swift */,
			);
			path = TownSelectTests;
			sourceTree = "<group>";
		};
		86AE04AC22BA8E0D00F9DC94 /* CitySelectTests */ = {
			isa = PBXGroup;
			children = (
				EA497750229BD419001BE1DB /* CitySelectViewControllerTests.swift */,
			);
			path = CitySelectTests;
			sourceTree = "<group>";
		};
		86AE04AD22BA8E2300F9DC94 /* PrefectureSelectTests */ = {
			isa = PBXGroup;
			children = (
				860CCD0D229BC0CA00943F17 /* PrefectureSelectViewControllerTests.swift */,
			);
			path = PrefectureSelectTests;
			sourceTree = "<group>";
		};
		86E8FDFD225DCE4400DCAD11 /* UI */ = {
			isa = PBXGroup;
			children = (
				86E8FE0A225DCF4400DCAD11 /* FavoriteList */,
				86E8FE09225DCF3A00DCAD11 /* ShopMap */,
				86E8FE08225DCF2800DCAD11 /* ShopInfo */,
				86E8FE07225DCF1E00DCAD11 /* ShopList */,
				860CCD0F229E4C4700943F17 /* ImageDownloder.swift */,
				865693C322AA18E000B9DEBD /* ImageListCell.swift */,
				86E8FE04225DCEDC00DCAD11 /* TownSelect */,
				86E8FE03225DCED300DCAD11 /* CitySelect */,
				86E8FE02225DCEC800DCAD11 /* PrefectureSelect */,
				86E8FE01225DCEBD00DCAD11 /* AreaSelect */,
				86E8FE00225DCEA400DCAD11 /* SearchTop */,
			);
			path = UI;
			sourceTree = "<group>";
		};
		86E8FE00225DCEA400DCAD11 /* SearchTop */ = {
			isa = PBXGroup;
			children = (
				86E8FE38225DD3FF00DCAD11 /* SearchTop.storyboard */,
				8699813A22C0A5AC009A6C05 /* SearchTopViewController.swift */,
				86DE32ED22CB2B9800B7627B /* SearchTopDetailViewController.swift */,
			);
			path = SearchTop;
			sourceTree = "<group>";
		};
		86E8FE01225DCEBD00DCAD11 /* AreaSelect */ = {
			isa = PBXGroup;
			children = (
				86E8FE32225DD3DB00DCAD11 /* AreaSelect.storyboard */,
				EA1A08112271A65A00550B4F /* AreaSelectViewController.swift */,
			);
			path = AreaSelect;
			sourceTree = "<group>";
		};
		86E8FE02225DCEC800DCAD11 /* PrefectureSelect */ = {
			isa = PBXGroup;
			children = (
				86E8FE2E225DD3BF00DCAD11 /* PrefectureSelectViewController.swift */,
				86E8FE30225DD3C900DCAD11 /* PrefectureSelect.storyboard */,
			);
			path = PrefectureSelect;
			sourceTree = "<group>";
		};
		86E8FE03225DCED300DCAD11 /* CitySelect */ = {
			isa = PBXGroup;
			children = (
				86E8FE2A225DD39700DCAD11 /* CitySelect.storyboard */,
				86E8FE2C225DD3A700DCAD11 /* CitySelectViewController.swift */,
			);
			path = CitySelect;
			sourceTree = "<group>";
		};
		86E8FE04225DCEDC00DCAD11 /* TownSelect */ = {
			isa = PBXGroup;
			children = (
				86E8FE26225DD37C00DCAD11 /* TownSelectViewController.swift */,
				86E8FE28225DD38500DCAD11 /* TownSelect.storyboard */,
			);
			path = TownSelect;
			sourceTree = "<group>";
		};
		86E8FE07225DCF1E00DCAD11 /* ShopList */ = {
			isa = PBXGroup;
			children = (
				86E8FE19225DD22400DCAD11 /* ShopList.storyboard */,
				86E8FE1B225DD23200DCAD11 /* ShopListViewController.swift */,
			);
			path = ShopList;
			sourceTree = "<group>";
		};
		86E8FE08225DCF2800DCAD11 /* ShopInfo */ = {
			isa = PBXGroup;
			children = (
				86E8FE17225DD21500DCAD11 /* ShopInfo.storyboard */,
				8618FBB622C38B2C001E4817 /* ShopInfoViewController.swift */,
			);
			path = ShopInfo;
			sourceTree = "<group>";
		};
		86E8FE09225DCF3A00DCAD11 /* ShopMap */ = {
			isa = PBXGroup;
			children = (
				86E8FE11225DD09D00DCAD11 /* ShopMap.storyboard */,
				86E8FE13225DD0C800DCAD11 /* ShopMapViewController.swift */,
			);
			path = ShopMap;
			sourceTree = "<group>";
		};
		86E8FE0A225DCF4400DCAD11 /* FavoriteList */ = {
			isa = PBXGroup;
			children = (
				86E8FE0D225DD03D00DCAD11 /* FavoriteList.storyboard */,
				86E8FE0F225DD05800DCAD11 /* FavoriteListViewController.swift */,
				860CCD1F22A7611000943F17 /* FavoriteDatabase.swift */,
			);
			path = FavoriteList;
			sourceTree = "<group>";
		};
		C9FFE08E163DFD711C80AB73 /* Pods */ = {
			isa = PBXGroup;
			children = (
				6B8D096C2BEB44B89D1587B4 /* Pods-RestaurantSearch.debug.xcconfig */,
				55DA32510038EF2A008F17D9 /* Pods-RestaurantSearch.release.xcconfig */,
				0E3CF33531AAF3E5071B1D6E /* Pods-RestaurantSearchTests.debug.xcconfig */,
				C3175C9061D2C575AFE6005F /* Pods-RestaurantSearchTests.release.xcconfig */,
			);
			path = Pods;
			sourceTree = "<group>";
		};
		EA0AD329224A2C8900D6526B /* Model */ = {
			isa = PBXGroup;
			children = (
				EA267A092248E2EE00F3091C /* Area.swift */,
				EA267A0B2248EC3E00F3091C /* Prefecture.swift */,
				EA267A0D2248EFF200F3091C /* City.swift */,
				EA267A0F2248F49200F3091C /* Town.swift */,
				EA1D8CA1228C0C2300B6065E /* Shop.swift */,
				EA18539322C4ED8300C4CA13 /* APIError.swift */,
			);
			path = Model;
			sourceTree = "<group>";
		};
		EA2679D92248CCBF00F3091C = {
			isa = PBXGroup;
			children = (
				EA2679E42248CCBF00F3091C /* RestaurantSearch */,
				EA2679F92248CCC100F3091C /* RestaurantSearchTests */,
				EA2679E32248CCBF00F3091C /* Products */,
				C9FFE08E163DFD711C80AB73 /* Pods */,
				7CA7AEEA624F7304F1F14B50 /* Frameworks */,
			);
			sourceTree = "<group>";
		};
		EA2679E32248CCBF00F3091C /* Products */ = {
			isa = PBXGroup;
			children = (
				EA2679E22248CCBF00F3091C /* RestaurantSearch.app */,
				EA2679F62248CCC100F3091C /* RestaurantSearchTests.xctest */,
			);
			name = Products;
			sourceTree = "<group>";
		};
		EA2679E42248CCBF00F3091C /* RestaurantSearch */ = {
			isa = PBXGroup;
			children = (
				86E8FDFD225DCE4400DCAD11 /* UI */,
				EA267A062248E18A00F3091C /* API */,
				EA2679E52248CCBF00F3091C /* AppDelegate.swift */,
				EA2679E92248CCBF00F3091C /* Main.storyboard */,
				EA2679EC2248CCC100F3091C /* Assets.xcassets */,
				EA2679EE2248CCC100F3091C /* LaunchScreen.storyboard */,
				EA2679F12248CCC100F3091C /* Info.plist */,
			);
			path = RestaurantSearch;
			sourceTree = "<group>";
		};
		EA2679F92248CCC100F3091C /* RestaurantSearchTests */ = {
			isa = PBXGroup;
			children = (
				86AE04A222BA8C2B00F9DC94 /* UITests */,
				86AE04A322BA8CE400F9DC94 /* APITests */,
				EA2679FC2248CCC100F3091C /* Info.plist */,
			);
			path = RestaurantSearchTests;
			sourceTree = "<group>";
		};
		EA267A062248E18A00F3091C /* API */ = {
			isa = PBXGroup;
			children = (
				EA0AD329224A2C8900D6526B /* Model */,
				EA47FCAE22842F2E00EB5656 /* APIOperater.swift */,
				EA66AD7D22929F6E007355BB /* DummyAPI.swift */,
			);
			path = API;
			sourceTree = "<group>";
		};
		EAF737A622E5D610005F104A /* AreaSelectTests */ = {
			isa = PBXGroup;
			children = (
				EAF737A722E5D641005F104A /* AreaSelectViewControllerTests.swift */,
			);
			path = AreaSelectTests;
			sourceTree = "<group>";
		};
		EAF737AA22E5DA08005F104A /* SearchTopTests */ = {
			isa = PBXGroup;
			children = (
				EAF737AD22E5DFE3005F104A /* SearchTopViewControllerTests.swift */,
				EAF737AB22E5DB36005F104A /* SearchTopDetailViewControllerTests.swift */,
			);
			name = SearchTopTests;
			path = "New Group";
			sourceTree = "<group>";
		};
/* End PBXGroup section */

/* Begin PBXNativeTarget section */
		EA2679E12248CCBF00F3091C /* RestaurantSearch */ = {
			isa = PBXNativeTarget;
			buildConfigurationList = EA2679FF2248CCC100F3091C /* Build configuration list for PBXNativeTarget "RestaurantSearch" */;
			buildPhases = (
				879CCD93188FFA8A61943A37 /* [CP] Check Pods Manifest.lock */,
				EA2679DE2248CCBF00F3091C /* Sources */,
				EA2679DF2248CCBF00F3091C /* Frameworks */,
				EA2679E02248CCBF00F3091C /* Resources */,
				EAB1F9462257652B009B669D /* ShellScript */,
				CF83C4BE27E7A8BA41969BCE /* [CP] Embed Pods Frameworks */,
			);
			buildRules = (
			);
			dependencies = (
			);
			name = RestaurantSearch;
			productName = RestaurantSearch;
			productReference = EA2679E22248CCBF00F3091C /* RestaurantSearch.app */;
			productType = "com.apple.product-type.application";
		};
		EA2679F52248CCC100F3091C /* RestaurantSearchTests */ = {
			isa = PBXNativeTarget;
			buildConfigurationList = EA267A022248CCC100F3091C /* Build configuration list for PBXNativeTarget "RestaurantSearchTests" */;
			buildPhases = (
				B5D11AC55FD5E0BF93D41120 /* [CP] Check Pods Manifest.lock */,
				EA2679F22248CCC100F3091C /* Sources */,
				EA2679F32248CCC100F3091C /* Frameworks */,
				EA2679F42248CCC100F3091C /* Resources */,
			);
			buildRules = (
			);
			dependencies = (
				EA2679F82248CCC100F3091C /* PBXTargetDependency */,
			);
			name = RestaurantSearchTests;
			productName = RestaurantSearchTests;
			productReference = EA2679F62248CCC100F3091C /* RestaurantSearchTests.xctest */;
			productType = "com.apple.product-type.bundle.unit-test";
		};
/* End PBXNativeTarget section */

/* Begin PBXProject section */
		EA2679DA2248CCBF00F3091C /* Project object */ = {
			isa = PBXProject;
			attributes = {
				LastSwiftUpdateCheck = 1010;
				LastUpgradeCheck = 1010;
				ORGANIZATIONNAME = "岩永 彩里";
				TargetAttributes = {
					EA2679E12248CCBF00F3091C = {
						CreatedOnToolsVersion = 10.1;
					};
					EA2679F52248CCC100F3091C = {
						CreatedOnToolsVersion = 10.1;
						TestTargetID = EA2679E12248CCBF00F3091C;
					};
				};
			};
			buildConfigurationList = EA2679DD2248CCBF00F3091C /* Build configuration list for PBXProject "RestaurantSearch" */;
			compatibilityVersion = "Xcode 9.3";
			developmentRegion = en;
			hasScannedForEncodings = 0;
			knownRegions = (
				en,
				Base,
			);
			mainGroup = EA2679D92248CCBF00F3091C;
			productRefGroup = EA2679E32248CCBF00F3091C /* Products */;
			projectDirPath = "";
			projectRoot = "";
			targets = (
				EA2679E12248CCBF00F3091C /* RestaurantSearch */,
				EA2679F52248CCC100F3091C /* RestaurantSearchTests */,
			);
		};
/* End PBXProject section */

/* Begin PBXResourcesBuildPhase section */
		EA2679E02248CCBF00F3091C /* Resources */ = {
			isa = PBXResourcesBuildPhase;
			buildActionMask = 2147483647;
			files = (
				86E8FE1A225DD22400DCAD11 /* ShopList.storyboard in Resources */,
				86E8FE18225DD21500DCAD11 /* ShopInfo.storyboard in Resources */,
				EA2679F02248CCC100F3091C /* LaunchScreen.storyboard in Resources */,
				86E8FE33225DD3DB00DCAD11 /* AreaSelect.storyboard in Resources */,
				86E8FE39225DD3FF00DCAD11 /* SearchTop.storyboard in Resources */,
				EA2679ED2248CCC100F3091C /* Assets.xcassets in Resources */,
				86E8FE0E225DD03D00DCAD11 /* FavoriteList.storyboard in Resources */,
				86E8FE31225DD3C900DCAD11 /* PrefectureSelect.storyboard in Resources */,
				EA2679EB2248CCBF00F3091C /* Main.storyboard in Resources */,
				86E8FE29225DD38500DCAD11 /* TownSelect.storyboard in Resources */,
				86E8FE2B225DD39700DCAD11 /* CitySelect.storyboard in Resources */,
				86E8FE12225DD09D00DCAD11 /* ShopMap.storyboard in Resources */,
			);
			runOnlyForDeploymentPostprocessing = 0;
		};
		EA2679F42248CCC100F3091C /* Resources */ = {
			isa = PBXResourcesBuildPhase;
			buildActionMask = 2147483647;
			files = (
			);
			runOnlyForDeploymentPostprocessing = 0;
		};
/* End PBXResourcesBuildPhase section */

/* Begin PBXShellScriptBuildPhase section */
		879CCD93188FFA8A61943A37 /* [CP] Check Pods Manifest.lock */ = {
			isa = PBXShellScriptBuildPhase;
			buildActionMask = 2147483647;
			files = (
			);
			inputFileListPaths = (
			);
			inputPaths = (
				"${PODS_PODFILE_DIR_PATH}/Podfile.lock",
				"${PODS_ROOT}/Manifest.lock",
			);
			name = "[CP] Check Pods Manifest.lock";
			outputFileListPaths = (
			);
			outputPaths = (
				"$(DERIVED_FILE_DIR)/Pods-RestaurantSearch-checkManifestLockResult.txt",
			);
			runOnlyForDeploymentPostprocessing = 0;
			shellPath = /bin/sh;
			shellScript = "diff \"${PODS_PODFILE_DIR_PATH}/Podfile.lock\" \"${PODS_ROOT}/Manifest.lock\" > /dev/null\nif [ $? != 0 ] ; then\n    # print error to STDERR\n    echo \"error: The sandbox is not in sync with the Podfile.lock. Run 'pod install' or update your CocoaPods installation.\" >&2\n    exit 1\nfi\n# This output is used by Xcode 'outputs' to avoid re-running this script phase.\necho \"SUCCESS\" > \"${SCRIPT_OUTPUT_FILE_0}\"\n";
			showEnvVarsInLog = 0;
		};
		B5D11AC55FD5E0BF93D41120 /* [CP] Check Pods Manifest.lock */ = {
			isa = PBXShellScriptBuildPhase;
			buildActionMask = 2147483647;
			files = (
			);
			inputFileListPaths = (
			);
			inputPaths = (
				"${PODS_PODFILE_DIR_PATH}/Podfile.lock",
				"${PODS_ROOT}/Manifest.lock",
			);
			name = "[CP] Check Pods Manifest.lock";
			outputFileListPaths = (
			);
			outputPaths = (
				"$(DERIVED_FILE_DIR)/Pods-RestaurantSearchTests-checkManifestLockResult.txt",
			);
			runOnlyForDeploymentPostprocessing = 0;
			shellPath = /bin/sh;
			shellScript = "diff \"${PODS_PODFILE_DIR_PATH}/Podfile.lock\" \"${PODS_ROOT}/Manifest.lock\" > /dev/null\nif [ $? != 0 ] ; then\n    # print error to STDERR\n    echo \"error: The sandbox is not in sync with the Podfile.lock. Run 'pod install' or update your CocoaPods installation.\" >&2\n    exit 1\nfi\n# This output is used by Xcode 'outputs' to avoid re-running this script phase.\necho \"SUCCESS\" > \"${SCRIPT_OUTPUT_FILE_0}\"\n";
			showEnvVarsInLog = 0;
		};
		CF83C4BE27E7A8BA41969BCE /* [CP] Embed Pods Frameworks */ = {
			isa = PBXShellScriptBuildPhase;
			buildActionMask = 2147483647;
			files = (
			);
			inputFileListPaths = (
			);
			inputPaths = (
				"${PODS_ROOT}/Target Support Files/Pods-RestaurantSearch/Pods-RestaurantSearch-frameworks.sh",
				"${BUILT_PRODUCTS_DIR}/Alamofire/Alamofire.framework",
			);
			name = "[CP] Embed Pods Frameworks";
			outputFileListPaths = (
			);
			outputPaths = (
				"${TARGET_BUILD_DIR}/${FRAMEWORKS_FOLDER_PATH}/Alamofire.framework",
			);
			runOnlyForDeploymentPostprocessing = 0;
			shellPath = /bin/sh;
			shellScript = "\"${PODS_ROOT}/Target Support Files/Pods-RestaurantSearch/Pods-RestaurantSearch-frameworks.sh\"\n";
			showEnvVarsInLog = 0;
		};
		EAB1F9462257652B009B669D /* ShellScript */ = {
			isa = PBXShellScriptBuildPhase;
			buildActionMask = 2147483647;
			files = (
			);
			inputFileListPaths = (
			);
			inputPaths = (
			);
			outputFileListPaths = (
			);
			outputPaths = (
			);
			runOnlyForDeploymentPostprocessing = 0;
			shellPath = /bin/sh;
			shellScript = "\"${PODS_ROOT}/SwiftLint/swiftlint\"\n";
		};
/* End PBXShellScriptBuildPhase section */

/* Begin PBXSourcesBuildPhase section */
		EA2679DE2248CCBF00F3091C /* Sources */ = {
			isa = PBXSourcesBuildPhase;
			buildActionMask = 2147483647;
			files = (
				EA47FCAF22842F2E00EB5656 /* APIOperater.swift in Sources */,
				EA267A0A2248E2EE00F3091C /* Area.swift in Sources */,
				EA2679E62248CCBF00F3091C /* AppDelegate.swift in Sources */,
				EA18539422C4ED8300C4CA13 /* APIError.swift in Sources */,
				EA1A08122271A65A00550B4F /* AreaSelectViewController.swift in Sources */,
				8618FBB722C38B2C001E4817 /* ShopInfoViewController.swift in Sources */,
				860CCD2022A7611000943F17 /* FavoriteDatabase.swift in Sources */,
				EA267A102248F49200F3091C /* Town.swift in Sources */,
				EA267A0E2248EFF200F3091C /* City.swift in Sources */,
				860CCD10229E4C4700943F17 /* ImageDownloder.swift in Sources */,
				86E8FE2D225DD3A700DCAD11 /* CitySelectViewController.swift in Sources */,
				8699813B22C0A5AC009A6C05 /* SearchTopViewController.swift in Sources */,
				86E8FE14225DD0C800DCAD11 /* ShopMapViewController.swift in Sources */,
				86E8FE10225DD05800DCAD11 /* FavoriteListViewController.swift in Sources */,
				86E8FE1C225DD23200DCAD11 /* ShopListViewController.swift in Sources */,
				86E8FE27225DD37C00DCAD11 /* TownSelectViewController.swift in Sources */,
				EA1D8CA2228C0C2300B6065E /* Shop.swift in Sources */,
				865693C422AA18E000B9DEBD /* ImageListCell.swift in Sources */,
				86E8FE2F225DD3BF00DCAD11 /* PrefectureSelectViewController.swift in Sources */,
				86DE32EE22CB2B9800B7627B /* SearchTopDetailViewController.swift in Sources */,
				EA267A0C2248EC3E00F3091C /* Prefecture.swift in Sources */,
				EA66AD7E22929F6E007355BB /* DummyAPI.swift in Sources */,
			);
			runOnlyForDeploymentPostprocessing = 0;
		};
		EA2679F22248CCC100F3091C /* Sources */ = {
			isa = PBXSourcesBuildPhase;
			buildActionMask = 2147483647;
			files = (
				EA497751229BD419001BE1DB /* CitySelectViewControllerTests.swift in Sources */,
				EAF737A822E5D641005F104A /* AreaSelectViewControllerTests.swift in Sources */,
				866273C4224A09A9007CA319 /* PrefectureTests.swift in Sources */,
				EAF737AC22E5DB36005F104A /* SearchTopDetailViewControllerTests.swift in Sources */,
				865BBD1022CCF96C0038873D /* FavoriteListViewControllerTests.swift in Sources */,
				86BCA2AC228D1D6D0063E5F6 /* ShopTests.swift in Sources */,
				EA18539622C4EF6F00C4CA13 /* APIErrorTests.swift in Sources */,
				860AD39422AE42950009E9C6 /* FavoriteDatabaseTests.swift in Sources */,
				EA47FCB1228430D700EB5656 /* APIOperaterTests.swift in Sources */,
				EA497753229BD428001BE1DB /* TownSelectViewControllerTests.swift in Sources */,
				866273C2224A0165007CA319 /* AreaTests.swift in Sources */,
				860CCD1C22A4E35C00943F17 /* ShopListViewControllerTests.swift in Sources */,
				EAF737AE22E5DFE3005F104A /* SearchTopViewControllerTests.swift in Sources */,
				860CCD1622A4BAC700943F17 /* ShopMapViewControllerTests.swift in Sources */,
				866273C8224C75A9007CA319 /* TownTests.swift in Sources */,
				860CCD0E229BC0CA00943F17 /* PrefectureSelectViewControllerTests.swift in Sources */,
				860CCD1A22A4D88700943F17 /* ShopInfoViewControllerTests.swift in Sources */,
				866273C6224A0EFB007CA319 /* CityTests.swift in Sources */,
			);
			runOnlyForDeploymentPostprocessing = 0;
		};
/* End PBXSourcesBuildPhase section */

/* Begin PBXTargetDependency section */
		EA2679F82248CCC100F3091C /* PBXTargetDependency */ = {
			isa = PBXTargetDependency;
			target = EA2679E12248CCBF00F3091C /* RestaurantSearch */;
			targetProxy = EA2679F72248CCC100F3091C /* PBXContainerItemProxy */;
		};
/* End PBXTargetDependency section */

/* Begin PBXVariantGroup section */
		EA2679E92248CCBF00F3091C /* Main.storyboard */ = {
			isa = PBXVariantGroup;
			children = (
				EA2679EA2248CCBF00F3091C /* Base */,
			);
			name = Main.storyboard;
			sourceTree = "<group>";
		};
		EA2679EE2248CCC100F3091C /* LaunchScreen.storyboard */ = {
			isa = PBXVariantGroup;
			children = (
				EA2679EF2248CCC100F3091C /* Base */,
			);
			name = LaunchScreen.storyboard;
			sourceTree = "<group>";
		};
/* End PBXVariantGroup section */

/* Begin XCBuildConfiguration section */
		EA2679FD2248CCC100F3091C /* Debug */ = {
			isa = XCBuildConfiguration;
			buildSettings = {
				ALWAYS_SEARCH_USER_PATHS = NO;
				CLANG_ANALYZER_NONNULL = YES;
				CLANG_ANALYZER_NUMBER_OBJECT_CONVERSION = YES_AGGRESSIVE;
				CLANG_CXX_LANGUAGE_STANDARD = "gnu++14";
				CLANG_CXX_LIBRARY = "libc++";
				CLANG_ENABLE_MODULES = YES;
				CLANG_ENABLE_OBJC_ARC = YES;
				CLANG_ENABLE_OBJC_WEAK = YES;
				CLANG_WARN_BLOCK_CAPTURE_AUTORELEASING = YES;
				CLANG_WARN_BOOL_CONVERSION = YES;
				CLANG_WARN_COMMA = YES;
				CLANG_WARN_CONSTANT_CONVERSION = YES;
				CLANG_WARN_DEPRECATED_OBJC_IMPLEMENTATIONS = YES;
				CLANG_WARN_DIRECT_OBJC_ISA_USAGE = YES_ERROR;
				CLANG_WARN_DOCUMENTATION_COMMENTS = YES;
				CLANG_WARN_EMPTY_BODY = YES;
				CLANG_WARN_ENUM_CONVERSION = YES;
				CLANG_WARN_INFINITE_RECURSION = YES;
				CLANG_WARN_INT_CONVERSION = YES;
				CLANG_WARN_NON_LITERAL_NULL_CONVERSION = YES;
				CLANG_WARN_OBJC_IMPLICIT_RETAIN_SELF = YES;
				CLANG_WARN_OBJC_LITERAL_CONVERSION = YES;
				CLANG_WARN_OBJC_ROOT_CLASS = YES_ERROR;
				CLANG_WARN_RANGE_LOOP_ANALYSIS = YES;
				CLANG_WARN_STRICT_PROTOTYPES = YES;
				CLANG_WARN_SUSPICIOUS_MOVE = YES;
				CLANG_WARN_UNGUARDED_AVAILABILITY = YES_AGGRESSIVE;
				CLANG_WARN_UNREACHABLE_CODE = YES;
				CLANG_WARN__DUPLICATE_METHOD_MATCH = YES;
				CODE_SIGN_IDENTITY = "iPhone Developer";
				COPY_PHASE_STRIP = NO;
				DEBUG_INFORMATION_FORMAT = dwarf;
				ENABLE_STRICT_OBJC_MSGSEND = YES;
				ENABLE_TESTABILITY = YES;
				GCC_C_LANGUAGE_STANDARD = gnu11;
				GCC_DYNAMIC_NO_PIC = NO;
				GCC_NO_COMMON_BLOCKS = YES;
				GCC_OPTIMIZATION_LEVEL = 0;
				GCC_PREPROCESSOR_DEFINITIONS = (
					"DEBUG=1",
					"$(inherited)",
				);
				GCC_WARN_64_TO_32_BIT_CONVERSION = YES;
				GCC_WARN_ABOUT_RETURN_TYPE = YES_ERROR;
				GCC_WARN_UNDECLARED_SELECTOR = YES;
				GCC_WARN_UNINITIALIZED_AUTOS = YES_AGGRESSIVE;
				GCC_WARN_UNUSED_FUNCTION = YES;
				GCC_WARN_UNUSED_VARIABLE = YES;
				IPHONEOS_DEPLOYMENT_TARGET = 12.1;
				MTL_ENABLE_DEBUG_INFO = INCLUDE_SOURCE;
				MTL_FAST_MATH = YES;
				ONLY_ACTIVE_ARCH = YES;
				SDKROOT = iphoneos;
				SWIFT_ACTIVE_COMPILATION_CONDITIONS = DEBUG;
				SWIFT_OPTIMIZATION_LEVEL = "-Onone";
			};
			name = Debug;
		};
		EA2679FE2248CCC100F3091C /* Release */ = {
			isa = XCBuildConfiguration;
			buildSettings = {
				ALWAYS_SEARCH_USER_PATHS = NO;
				CLANG_ANALYZER_NONNULL = YES;
				CLANG_ANALYZER_NUMBER_OBJECT_CONVERSION = YES_AGGRESSIVE;
				CLANG_CXX_LANGUAGE_STANDARD = "gnu++14";
				CLANG_CXX_LIBRARY = "libc++";
				CLANG_ENABLE_MODULES = YES;
				CLANG_ENABLE_OBJC_ARC = YES;
				CLANG_ENABLE_OBJC_WEAK = YES;
				CLANG_WARN_BLOCK_CAPTURE_AUTORELEASING = YES;
				CLANG_WARN_BOOL_CONVERSION = YES;
				CLANG_WARN_COMMA = YES;
				CLANG_WARN_CONSTANT_CONVERSION = YES;
				CLANG_WARN_DEPRECATED_OBJC_IMPLEMENTATIONS = YES;
				CLANG_WARN_DIRECT_OBJC_ISA_USAGE = YES_ERROR;
				CLANG_WARN_DOCUMENTATION_COMMENTS = YES;
				CLANG_WARN_EMPTY_BODY = YES;
				CLANG_WARN_ENUM_CONVERSION = YES;
				CLANG_WARN_INFINITE_RECURSION = YES;
				CLANG_WARN_INT_CONVERSION = YES;
				CLANG_WARN_NON_LITERAL_NULL_CONVERSION = YES;
				CLANG_WARN_OBJC_IMPLICIT_RETAIN_SELF = YES;
				CLANG_WARN_OBJC_LITERAL_CONVERSION = YES;
				CLANG_WARN_OBJC_ROOT_CLASS = YES_ERROR;
				CLANG_WARN_RANGE_LOOP_ANALYSIS = YES;
				CLANG_WARN_STRICT_PROTOTYPES = YES;
				CLANG_WARN_SUSPICIOUS_MOVE = YES;
				CLANG_WARN_UNGUARDED_AVAILABILITY = YES_AGGRESSIVE;
				CLANG_WARN_UNREACHABLE_CODE = YES;
				CLANG_WARN__DUPLICATE_METHOD_MATCH = YES;
				CODE_SIGN_IDENTITY = "iPhone Developer";
				COPY_PHASE_STRIP = NO;
				DEBUG_INFORMATION_FORMAT = "dwarf-with-dsym";
				ENABLE_NS_ASSERTIONS = NO;
				ENABLE_STRICT_OBJC_MSGSEND = YES;
				GCC_C_LANGUAGE_STANDARD = gnu11;
				GCC_NO_COMMON_BLOCKS = YES;
				GCC_WARN_64_TO_32_BIT_CONVERSION = YES;
				GCC_WARN_ABOUT_RETURN_TYPE = YES_ERROR;
				GCC_WARN_UNDECLARED_SELECTOR = YES;
				GCC_WARN_UNINITIALIZED_AUTOS = YES_AGGRESSIVE;
				GCC_WARN_UNUSED_FUNCTION = YES;
				GCC_WARN_UNUSED_VARIABLE = YES;
				IPHONEOS_DEPLOYMENT_TARGET = 12.1;
				MTL_ENABLE_DEBUG_INFO = NO;
				MTL_FAST_MATH = YES;
				SDKROOT = iphoneos;
				SWIFT_COMPILATION_MODE = wholemodule;
				SWIFT_OPTIMIZATION_LEVEL = "-O";
				VALIDATE_PRODUCT = YES;
			};
			name = Release;
		};
		EA267A002248CCC100F3091C /* Debug */ = {
			isa = XCBuildConfiguration;
			baseConfigurationReference = 6B8D096C2BEB44B89D1587B4 /* Pods-RestaurantSearch.debug.xcconfig */;
			buildSettings = {
				ASSETCATALOG_COMPILER_APPICON_NAME = AppIcon;
				CODE_SIGN_STYLE = Automatic;
				DEVELOPMENT_TEAM = H2538J2CT2;
				INFOPLIST_FILE = RestaurantSearch/Info.plist;
				LD_RUNPATH_SEARCH_PATHS = (
					"$(inherited)",
					"@executable_path/Frameworks",
				);
				PRODUCT_BUNDLE_IDENTIFIER = com.example.RestaurantSearch;
				PRODUCT_NAME = "$(TARGET_NAME)";
				SWIFT_VERSION = 4.2;
				TARGETED_DEVICE_FAMILY = "1,2";
			};
			name = Debug;
		};
		EA267A012248CCC100F3091C /* Release */ = {
			isa = XCBuildConfiguration;
			baseConfigurationReference = 55DA32510038EF2A008F17D9 /* Pods-RestaurantSearch.release.xcconfig */;
			buildSettings = {
				ASSETCATALOG_COMPILER_APPICON_NAME = AppIcon;
				CODE_SIGN_STYLE = Automatic;
				DEVELOPMENT_TEAM = H2538J2CT2;
				INFOPLIST_FILE = RestaurantSearch/Info.plist;
				LD_RUNPATH_SEARCH_PATHS = (
					"$(inherited)",
					"@executable_path/Frameworks",
				);
				PRODUCT_BUNDLE_IDENTIFIER = com.example.RestaurantSearch;
				PRODUCT_NAME = "$(TARGET_NAME)";
				SWIFT_VERSION = 4.2;
				TARGETED_DEVICE_FAMILY = "1,2";
			};
			name = Release;
		};
		EA267A032248CCC100F3091C /* Debug */ = {
			isa = XCBuildConfiguration;
			baseConfigurationReference = 0E3CF33531AAF3E5071B1D6E /* Pods-RestaurantSearchTests.debug.xcconfig */;
			buildSettings = {
				ALWAYS_EMBED_SWIFT_STANDARD_LIBRARIES = YES;
				BUNDLE_LOADER = "$(TEST_HOST)";
				CODE_SIGN_STYLE = Automatic;
				DEVELOPMENT_TEAM = H2538J2CT2;
				INFOPLIST_FILE = RestaurantSearchTests/Info.plist;
				LD_RUNPATH_SEARCH_PATHS = (
					"$(inherited)",
					"@executable_path/Frameworks",
					"@loader_path/Frameworks",
				);
				PRODUCT_BUNDLE_IDENTIFIER = com.example.RestaurantSearchTests;
				PRODUCT_NAME = "$(TARGET_NAME)";
				SWIFT_VERSION = 4.2;
				TARGETED_DEVICE_FAMILY = "1,2";
				TEST_HOST = "$(BUILT_PRODUCTS_DIR)/RestaurantSearch.app/RestaurantSearch";
			};
			name = Debug;
		};
		EA267A042248CCC100F3091C /* Release */ = {
			isa = XCBuildConfiguration;
			baseConfigurationReference = C3175C9061D2C575AFE6005F /* Pods-RestaurantSearchTests.release.xcconfig */;
			buildSettings = {
				ALWAYS_EMBED_SWIFT_STANDARD_LIBRARIES = YES;
				BUNDLE_LOADER = "$(TEST_HOST)";
				CODE_SIGN_STYLE = Automatic;
				DEVELOPMENT_TEAM = H2538J2CT2;
				INFOPLIST_FILE = RestaurantSearchTests/Info.plist;
				LD_RUNPATH_SEARCH_PATHS = (
					"$(inherited)",
					"@executable_path/Frameworks",
					"@loader_path/Frameworks",
				);
				PRODUCT_BUNDLE_IDENTIFIER = com.example.RestaurantSearchTests;
				PRODUCT_NAME = "$(TARGET_NAME)";
				SWIFT_VERSION = 4.2;
				TARGETED_DEVICE_FAMILY = "1,2";
				TEST_HOST = "$(BUILT_PRODUCTS_DIR)/RestaurantSearch.app/RestaurantSearch";
			};
			name = Release;
		};
/* End XCBuildConfiguration section */

/* Begin XCConfigurationList section */
		EA2679DD2248CCBF00F3091C /* Build configuration list for PBXProject "RestaurantSearch" */ = {
			isa = XCConfigurationList;
			buildConfigurations = (
				EA2679FD2248CCC100F3091C /* Debug */,
				EA2679FE2248CCC100F3091C /* Release */,
			);
			defaultConfigurationIsVisible = 0;
			defaultConfigurationName = Release;
		};
		EA2679FF2248CCC100F3091C /* Build configuration list for PBXNativeTarget "RestaurantSearch" */ = {
			isa = XCConfigurationList;
			buildConfigurations = (
				EA267A002248CCC100F3091C /* Debug */,
				EA267A012248CCC100F3091C /* Release */,
			);
			defaultConfigurationIsVisible = 0;
			defaultConfigurationName = Release;
		};
		EA267A022248CCC100F3091C /* Build configuration list for PBXNativeTarget "RestaurantSearchTests" */ = {
			isa = XCConfigurationList;
			buildConfigurations = (
				EA267A032248CCC100F3091C /* Debug */,
				EA267A042248CCC100F3091C /* Release */,
			);
			defaultConfigurationIsVisible = 0;
			defaultConfigurationName = Release;
		};
/* End XCConfigurationList section */
	};
	rootObject = EA2679DA2248CCBF00F3091C /* Project object */;
}
