PODS:
  - Alamofire (4.8.2)
  - APIKit (4.0.0):
    - Result (~> 4.0)
  - OHHTTPStubs/Core (7.0.0)
  - OHHTTPStubs/Default (7.0.0):
    - OHHTTPStubs/Core
    - OHHTTPStubs/JSON
    - OHHTTPStubs/NSURLSession
    - OHHTTPStubs/OHPathHelpers
  - OHHTTPStubs/JSON (7.0.0):
    - OHHTTPStubs/Core
  - OHHTTPStubs/NSURLSession (7.0.0):
    - OHHTTPStubs/Core
  - OHHTTPStubs/OHPathHelpers (7.0.0)
  - OHHTTPStubs/Swift (7.0.0):
    - OHHTTPStubs/Default
  - Result (4.1.0)

DEPENDENCIES:
  - Alamofire
  - APIKit
  - OHHTTPStubs/Swift

SPEC REPOS:
  https://github.com/cocoapods/specs.git:
    - Alamofire
    - APIKit
    - OHHTTPStubs
    - Result

SPEC CHECKSUMS:
  Alamofire: ae5c501addb7afdbb13687d7f2f722c78734c2d3
  APIKit: 23ddce4be7eccd746d2ab3c62713cd80d5846d5a
  OHHTTPStubs: ef33a2c353110d306bb98f695435ec56ff5a26c3
  Result: bd966fac789cc6c1563440b348ab2598cc24d5c7

PODFILE CHECKSUM: 07691c2c9ab9e5efbcfaa43094ebd79a59d9fd25

COCOAPODS: 1.6.1
